{
  "markbot": "bec1542bacd783f30f98e930318ada7194f33474a6cbfbfea2345486000f34b4",
  "markbotignore": "030a4e6e1b3b6b510514a7ae54576e2c2ef762d56236c6414ef634955d96a126",
  "css/modules.css": "8a1ba27ffb3bd425520fe9f6e9353ba5c360d9b8f70214b0e0173359a538d415",
  "css/grid.css": "4530d5fcb8c810ef5c58aaabc319d0562b1e192bc87d572a2397c6395dd65d1c",
  "css/type.css": "5eeb8db83163bc1c4ceebb180bfd3a161457ebc28a255b52aeabd46daf72be73",
  "index-320.png": "bfcc4be4d21f093e34d30f0a26a9583fcced0a1abb84ab90cd22b4bcf3ada936",
  "index-400.png": "c8952cd45969eee051258b536b1b252e2b8ecd4816ef54599a6b48649ca5496b",
  "index-608.png": "41eed6c359c5ade7a0b16a79d4912127fb9d033dea328f40898b52e01386cb98",
  "index-960.png": "d168b7605181cac5ea9f414194aacef7cb40013b3d9d505853083250306d7ed2",
  "index-1440.png": "9cd1b43a9634d5b4ecc2ea2f663d8bba2d72ef56e47aebbb73a692c4301d08f9"
}